// !$*UTF8*$!
{
	archiveVersion = 1;
	classes = {
	};
	objectVersion = 50;
	objects = {

/* Begin PBXBuildFile section */
		70BB142126AEE58E00C36E01 /* AppDelegate.swift in Sources */ = {isa = PBXBuildFile; fileRef = 70BB142026AEE58E00C36E01 /* AppDelegate.swift */; };
		70BB142326AEE58E00C36E01 /* SceneDelegate.swift in Sources */ = {isa = PBXBuildFile; fileRef = 70BB142226AEE58E00C36E01 /* SceneDelegate.swift */; };
		70BB142526AEE58E00C36E01 /* ConversationsViewController.swift in Sources */ = {isa = PBXBuildFile; fileRef = 70BB142426AEE58E00C36E01 /* ConversationsViewController.swift */; };
		70BB142826AEE58E00C36E01 /* Main.storyboard in Resources */ = {isa = PBXBuildFile; fileRef = 70BB142626AEE58E00C36E01 /* Main.storyboard */; };
		70BB142A26AEE59500C36E01 /* Assets.xcassets in Resources */ = {isa = PBXBuildFile; fileRef = 70BB142926AEE59500C36E01 /* Assets.xcassets */; };
		70BB142D26AEE59500C36E01 /* LaunchScreen.storyboard in Resources */ = {isa = PBXBuildFile; fileRef = 70BB142B26AEE59500C36E01 /* LaunchScreen.storyboard */; };
		70BB143B26AEE94600C36E01 /* LoginViewController.swift in Sources */ = {isa = PBXBuildFile; fileRef = 70BB143A26AEE94600C36E01 /* LoginViewController.swift */; };
		70BB143D26AEE96200C36E01 /* RegisterViewController.swift in Sources */ = {isa = PBXBuildFile; fileRef = 70BB143C26AEE96200C36E01 /* RegisterViewController.swift */; };
		70BB143F26AEE98600C36E01 /* PhotoViewerViewController.swift in Sources */ = {isa = PBXBuildFile; fileRef = 70BB143E26AEE98600C36E01 /* PhotoViewerViewController.swift */; };
		70BB144126AEE99500C36E01 /* VideoPlayerViewController.swift in Sources */ = {isa = PBXBuildFile; fileRef = 70BB144026AEE99500C36E01 /* VideoPlayerViewController.swift */; };
		70BB144326AEE9B900C36E01 /* NewConversationViewController.swift in Sources */ = {isa = PBXBuildFile; fileRef = 70BB144226AEE9B900C36E01 /* NewConversationViewController.swift */; };
		70BB144526AEE9C400C36E01 /* ProfileViewController.swift in Sources */ = {isa = PBXBuildFile; fileRef = 70BB144426AEE9C400C36E01 /* ProfileViewController.swift */; };
/* End PBXBuildFile section */

/* Begin PBXFileReference section */
		70BB141D26AEE58E00C36E01 /* Messenger.app */ = {isa = PBXFileReference; explicitFileType = wrapper.application; includeInIndex = 0; path = Messenger.app; sourceTree = BUILT_PRODUCTS_DIR; };
		70BB142026AEE58E00C36E01 /* AppDelegate.swift */ = {isa = PBXFileReference; lastKnownFileType = sourcecode.swift; path = AppDelegate.swift; sourceTree = "<group>"; };
		70BB142226AEE58E00C36E01 /* SceneDelegate.swift */ = {isa = PBXFileReference; lastKnownFileType = sourcecode.swift; path = SceneDelegate.swift; sourceTree = "<group>"; };
		70BB142426AEE58E00C36E01 /* ConversationsViewController.swift */ = {isa = PBXFileReference; lastKnownFileType = sourcecode.swift; path = ConversationsViewController.swift; sourceTree = "<group>"; };
		70BB142726AEE58E00C36E01 /* Base */ = {isa = PBXFileReference; lastKnownFileType = file.storyboard; name = Base; path = Base.lproj/Main.storyboard; sourceTree = "<group>"; };
		70BB142926AEE59500C36E01 /* Assets.xcassets */ = {isa = PBXFileReference; lastKnownFileType = folder.assetcatalog; path = Assets.xcassets; sourceTree = "<group>"; };
		70BB142C26AEE59500C36E01 /* Base */ = {isa = PBXFileReference; lastKnownFileType = file.storyboard; name = Base; path = Base.lproj/LaunchScreen.storyboard; sourceTree = "<group>"; };
		70BB142E26AEE59500C36E01 /* Info.plist */ = {isa = PBXFileReference; lastKnownFileType = text.plist.xml; path = Info.plist; sourceTree = "<group>"; };
		70BB143A26AEE94600C36E01 /* LoginViewController.swift */ = {isa = PBXFileReference; lastKnownFileType = sourcecode.swift; path = LoginViewController.swift; sourceTree = "<group>"; };
		70BB143C26AEE96200C36E01 /* RegisterViewController.swift */ = {isa = PBXFileReference; lastKnownFileType = sourcecode.swift; path = RegisterViewController.swift; sourceTree = "<group>"; };
		70BB143E26AEE98600C36E01 /* PhotoViewerViewController.swift */ = {isa = PBXFileReference; lastKnownFileType = sourcecode.swift; path = PhotoViewerViewController.swift; sourceTree = "<group>"; };
		70BB144026AEE99500C36E01 /* VideoPlayerViewController.swift */ = {isa = PBXFileReference; lastKnownFileType = sourcecode.swift; path = VideoPlayerViewController.swift; sourceTree = "<group>"; };
		70BB144226AEE9B900C36E01 /* NewConversationViewController.swift */ = {isa = PBXFileReference; lastKnownFileType = sourcecode.swift; path = NewConversationViewController.swift; sourceTree = "<group>"; };
		70BB144426AEE9C400C36E01 /* ProfileViewController.swift */ = {isa = PBXFileReference; lastKnownFileType = sourcecode.swift; path = ProfileViewController.swift; sourceTree = "<group>"; };
/* End PBXFileReference section */

/* Begin PBXFrameworksBuildPhase section */
		70BB141A26AEE58E00C36E01 /* Frameworks */ = {
			isa = PBXFrameworksBuildPhase;
			buildActionMask = 2147483647;
			files = (
			);
			runOnlyForDeploymentPostprocessing = 0;
		};
/* End PBXFrameworksBuildPhase section */

/* Begin PBXGroup section */
		70BB141426AEE58D00C36E01 = {
			isa = PBXGroup;
			children = (
				70BB141F26AEE58E00C36E01 /* Messenger */,
				70BB141E26AEE58E00C36E01 /* Products */,
			);
			sourceTree = "<group>";
		};
		70BB141E26AEE58E00C36E01 /* Products */ = {
			isa = PBXGroup;
			children = (
				70BB141D26AEE58E00C36E01 /* Messenger.app */,
			);
			name = Products;
			sourceTree = "<group>";
		};
		70BB141F26AEE58E00C36E01 /* Messenger */ = {
			isa = PBXGroup;
			children = (
				70BB143826AEE7C700C36E01 /* Resources */,
				70BB143726AEE7BC00C36E01 /* ViewModels */,
				70BB143626AEE7B400C36E01 /* Models */,
				70BB143526AEE7B000C36E01 /* Views */,
				70BB143426AEE7A500C36E01 /* Controllers */,
				70BB142E26AEE59500C36E01 /* Info.plist */,
			);
			path = Messenger;
			sourceTree = "<group>";
		};
		70BB143426AEE7A500C36E01 /* Controllers */ = {
			isa = PBXGroup;
			children = (
				70BB142426AEE58E00C36E01 /* ConversationsViewController.swift */,
				70BB143A26AEE94600C36E01 /* LoginViewController.swift */,
				70BB143C26AEE96200C36E01 /* RegisterViewController.swift */,
				70BB143E26AEE98600C36E01 /* PhotoViewerViewController.swift */,
				70BB144026AEE99500C36E01 /* VideoPlayerViewController.swift */,
				70BB144226AEE9B900C36E01 /* NewConversationViewController.swift */,
				70BB144426AEE9C400C36E01 /* ProfileViewController.swift */,
			);
			path = Controllers;
			sourceTree = "<group>";
		};
		70BB143526AEE7B000C36E01 /* Views */ = {
			isa = PBXGroup;
			children = (
				70BB143926AEE81900C36E01 /* Storyboards */,
				70BB142926AEE59500C36E01 /* Assets.xcassets */,
			);
			path = Views;
			sourceTree = "<group>";
		};
		70BB143626AEE7B400C36E01 /* Models */ = {
			isa = PBXGroup;
			children = (
			);
			path = Models;
			sourceTree = "<group>";
		};
		70BB143726AEE7BC00C36E01 /* ViewModels */ = {
			isa = PBXGroup;
			children = (
			);
			path = ViewModels;
			sourceTree = "<group>";
		};
		70BB143826AEE7C700C36E01 /* Resources */ = {
			isa = PBXGroup;
			children = (
				70BB142026AEE58E00C36E01 /* AppDelegate.swift */,
				70BB142226AEE58E00C36E01 /* SceneDelegate.swift */,
			);
			path = Resources;
			sourceTree = "<group>";
		};
		70BB143926AEE81900C36E01 /* Storyboards */ = {
			isa = PBXGroup;
			children = (
				70BB142626AEE58E00C36E01 /* Main.storyboard */,
				70BB142B26AEE59500C36E01 /* LaunchScreen.storyboard */,
			);
			path = Storyboards;
			sourceTree = "<group>";
		};
/* End PBXGroup section */

/* Begin PBXNativeTarget section */
		70BB141C26AEE58E00C36E01 /* Messenger */ = {
			isa = PBXNativeTarget;
			buildConfigurationList = 70BB143126AEE59500C36E01 /* Build configuration list for PBXNativeTarget "Messenger" */;
			buildPhases = (
				70BB141926AEE58E00C36E01 /* Sources */,
				70BB141A26AEE58E00C36E01 /* Frameworks */,
				70BB141B26AEE58E00C36E01 /* Resources */,
			);
			buildRules = (
			);
			dependencies = (
			);
			name = Messenger;
			productName = Messenger;
			productReference = 70BB141D26AEE58E00C36E01 /* Messenger.app */;
			productType = "com.apple.product-type.application";
		};
/* End PBXNativeTarget section */

/* Begin PBXProject section */
		70BB141526AEE58D00C36E01 /* Project object */ = {
			isa = PBXProject;
			attributes = {
				LastSwiftUpdateCheck = 1250;
				LastUpgradeCheck = 1250;
				TargetAttributes = {
					70BB141C26AEE58E00C36E01 = {
						CreatedOnToolsVersion = 12.5;
					};
				};
			};
			buildConfigurationList = 70BB141826AEE58D00C36E01 /* Build configuration list for PBXProject "Messenger" */;
			compatibilityVersion = "Xcode 9.3";
			developmentRegion = en;
			hasScannedForEncodings = 0;
			knownRegions = (
				en,
				Base,
			);
			mainGroup = 70BB141426AEE58D00C36E01;
			productRefGroup = 70BB141E26AEE58E00C36E01 /* Products */;
			projectDirPath = "";
			projectRoot = "";
			targets = (
				70BB141C26AEE58E00C36E01 /* Messenger */,
			);
		};
/* End PBXProject section */

/* Begin PBXResourcesBuildPhase section */
		70BB141B26AEE58E00C36E01 /* Resources */ = {
			isa = PBXResourcesBuildPhase;
			buildActionMask = 2147483647;
			files = (
				70BB142D26AEE59500C36E01 /* LaunchScreen.storyboard in Resources */,
				70BB142A26AEE59500C36E01 /* Assets.xcassets in Resources */,
				70BB142826AEE58E00C36E01 /* Main.storyboard in Resources */,
			);
			runOnlyForDeploymentPostprocessing = 0;
		};
/* End PBXResourcesBuildPhase section */

/* Begin PBXSourcesBuildPhase section */
		70BB141926AEE58E00C36E01 /* Sources */ = {
			isa = PBXSourcesBuildPhase;
			buildActionMask = 2147483647;
			files = (
				70BB143B26AEE94600C36E01 /* LoginViewController.swift in Sources */,
				70BB143D26AEE96200C36E01 /* RegisterViewController.swift in Sources */,
				70BB144326AEE9B900C36E01 /* NewConversationViewController.swift in Sources */,
				70BB142526AEE58E00C36E01 /* ConversationsViewController.swift in Sources */,
				70BB144126AEE99500C36E01 /* VideoPlayerViewController.swift in Sources */,
				70BB142126AEE58E00C36E01 /* AppDelegate.swift in Sources */,
				70BB144526AEE9C400C36E01 /* ProfileViewController.swift in Sources */,
				70BB142326AEE58E00C36E01 /* SceneDelegate.swift in Sources */,
				70BB143F26AEE98600C36E01 /* PhotoViewerViewController.swift in Sources */,
			);
			runOnlyForDeploymentPostprocessing = 0;
		};
/* End PBXSourcesBuildPhase section */

/* Begin PBXVariantGroup section */
		70BB142626AEE58E00C36E01 /* Main.storyboard */ = {
			isa = PBXVariantGroup;
			children = (
				70BB142726AEE58E00C36E01 /* Base */,
			);
			name = Main.storyboard;
			sourceTree = "<group>";
		};
		70BB142B26AEE59500C36E01 /* LaunchScreen.storyboard */ = {
			isa = PBXVariantGroup;
			children = (
				70BB142C26AEE59500C36E01 /* Base */,
			);
			name = LaunchScreen.storyboard;
			sourceTree = "<group>";
		};
/* End PBXVariantGroup section */

/* Begin XCBuildConfiguration section */
		70BB142F26AEE59500C36E01 /* Debug */ = {
			isa = XCBuildConfiguration;
			buildSettings = {
				ALWAYS_SEARCH_USER_PATHS = NO;
				CLANG_ANALYZER_NONNULL = YES;
				CLANG_ANALYZER_NUMBER_OBJECT_CONVERSION = YES_AGGRESSIVE;
				CLANG_CXX_LANGUAGE_STANDARD = "gnu++14";
				CLANG_CXX_LIBRARY = "libc++";
				CLANG_ENABLE_MODULES = YES;
				CLANG_ENABLE_OBJC_ARC = YES;
				CLANG_ENABLE_OBJC_WEAK = YES;
				CLANG_WARN_BLOCK_CAPTURE_AUTORELEASING = YES;
				CLANG_WARN_BOOL_CONVERSION = YES;
				CLANG_WARN_COMMA = YES;
				CLANG_WARN_CONSTANT_CONVERSION = YES;
				CLANG_WARN_DEPRECATED_OBJC_IMPLEMENTATIONS = YES;
				CLANG_WARN_DIRECT_OBJC_ISA_USAGE = YES_ERROR;
				CLANG_WARN_DOCUMENTATION_COMMENTS = YES;
				CLANG_WARN_EMPTY_BODY = YES;
				CLANG_WARN_ENUM_CONVERSION = YES;
				CLANG_WARN_INFINITE_RECURSION = YES;
				CLANG_WARN_INT_CONVERSION = YES;
				CLANG_WARN_NON_LITERAL_NULL_CONVERSION = YES;
				CLANG_WARN_OBJC_IMPLICIT_RETAIN_SELF = YES;
				CLANG_WARN_OBJC_LITERAL_CONVERSION = YES;
				CLANG_WARN_OBJC_ROOT_CLASS = YES_ERROR;
				CLANG_WARN_QUOTED_INCLUDE_IN_FRAMEWORK_HEADER = YES;
				CLANG_WARN_RANGE_LOOP_ANALYSIS = YES;
				CLANG_WARN_STRICT_PROTOTYPES = YES;
				CLANG_WARN_SUSPICIOUS_MOVE = YES;
				CLANG_WARN_UNGUARDED_AVAILABILITY = YES_AGGRESSIVE;
				CLANG_WARN_UNREACHABLE_CODE = YES;
				CLANG_WARN__DUPLICATE_METHOD_MATCH = YES;
				COPY_PHASE_STRIP = NO;
				DEBUG_INFORMATION_FORMAT = dwarf;
				ENABLE_STRICT_OBJC_MSGSEND = YES;
				ENABLE_TESTABILITY = YES;
				GCC_C_LANGUAGE_STANDARD = gnu11;
				GCC_DYNAMIC_NO_PIC = NO;
				GCC_NO_COMMON_BLOCKS = YES;
				GCC_OPTIMIZATION_LEVEL = 0;
				GCC_PREPROCESSOR_DEFINITIONS = (
					"DEBUG=1",
					"$(inherited)",
				);
				GCC_WARN_64_TO_32_BIT_CONVERSION = YES;
				GCC_WARN_ABOUT_RETURN_TYPE = YES_ERROR;
				GCC_WARN_UNDECLARED_SELECTOR = YES;
				GCC_WARN_UNINITIALIZED_AUTOS = YES_AGGRESSIVE;
				GCC_WARN_UNUSED_FUNCTION = YES;
				GCC_WARN_UNUSED_VARIABLE = YES;
				IPHONEOS_DEPLOYMENT_TARGET = 14.5;
				MTL_ENABLE_DEBUG_INFO = INCLUDE_SOURCE;
				MTL_FAST_MATH = YES;
				ONLY_ACTIVE_ARCH = YES;
				SDKROOT = iphoneos;
				SWIFT_ACTIVE_COMPILATION_CONDITIONS = DEBUG;
				SWIFT_OPTIMIZATION_LEVEL = "-Onone";
			};
			name = Debug;
		};
		70BB143026AEE59500C36E01 /* Release */ = {
			isa = XCBuildConfiguration;
			buildSettings = {
				ALWAYS_SEARCH_USER_PATHS = NO;
				CLANG_ANALYZER_NONNULL = YES;
				CLANG_ANALYZER_NUMBER_OBJECT_CONVERSION = YES_AGGRESSIVE;
				CLANG_CXX_LANGUAGE_STANDARD = "gnu++14";
				CLANG_CXX_LIBRARY = "libc++";
				CLANG_ENABLE_MODULES = YES;
				CLANG_ENABLE_OBJC_ARC = YES;
				CLANG_ENABLE_OBJC_WEAK = YES;
				CLANG_WARN_BLOCK_CAPTURE_AUTORELEASING = YES;
				CLANG_WARN_BOOL_CONVERSION = YES;
				CLANG_WARN_COMMA = YES;
				CLANG_WARN_CONSTANT_CONVERSION = YES;
				CLANG_WARN_DEPRECATED_OBJC_IMPLEMENTATIONS = YES;
				CLANG_WARN_DIRECT_OBJC_ISA_USAGE = YES_ERROR;
				CLANG_WARN_DOCUMENTATION_COMMENTS = YES;
				CLANG_WARN_EMPTY_BODY = YES;
				CLANG_WARN_ENUM_CONVERSION = YES;
				CLANG_WARN_INFINITE_RECURSION = YES;
				CLANG_WARN_INT_CONVERSION = YES;
				CLANG_WARN_NON_LITERAL_NULL_CONVERSION = YES;
				CLANG_WARN_OBJC_IMPLICIT_RETAIN_SELF = YES;
				CLANG_WARN_OBJC_LITERAL_CONVERSION = YES;
				CLANG_WARN_OBJC_ROOT_CLASS = YES_ERROR;
				CLANG_WARN_QUOTED_INCLUDE_IN_FRAMEWORK_HEADER = YES;
				CLANG_WARN_RANGE_LOOP_ANALYSIS = YES;
				CLANG_WARN_STRICT_PROTOTYPES = YES;
				CLANG_WARN_SUSPICIOUS_MOVE = YES;
				CLANG_WARN_UNGUARDED_AVAILABILITY = YES_AGGRESSIVE;
				CLANG_WARN_UNREACHABLE_CODE = YES;
				CLANG_WARN__DUPLICATE_METHOD_MATCH = YES;
				COPY_PHASE_STRIP = NO;
				DEBUG_INFORMATION_FORMAT = "dwarf-with-dsym";
				ENABLE_NS_ASSERTIONS = NO;
				ENABLE_STRICT_OBJC_MSGSEND = YES;
				GCC_C_LANGUAGE_STANDARD = gnu11;
				GCC_NO_COMMON_BLOCKS = YES;
				GCC_WARN_64_TO_32_BIT_CONVERSION = YES;
				GCC_WARN_ABOUT_RETURN_TYPE = YES_ERROR;
				GCC_WARN_UNDECLARED_SELECTOR = YES;
				GCC_WARN_UNINITIALIZED_AUTOS = YES_AGGRESSIVE;
				GCC_WARN_UNUSED_FUNCTION = YES;
				GCC_WARN_UNUSED_VARIABLE = YES;
				IPHONEOS_DEPLOYMENT_TARGET = 14.5;
				MTL_ENABLE_DEBUG_INFO = NO;
				MTL_FAST_MATH = YES;
				SDKROOT = iphoneos;
				SWIFT_COMPILATION_MODE = wholemodule;
				SWIFT_OPTIMIZATION_LEVEL = "-O";
				VALIDATE_PRODUCT = YES;
			};
			name = Release;
		};
		70BB143226AEE59500C36E01 /* Debug */ = {
			isa = XCBuildConfiguration;
			buildSettings = {
				ASSETCATALOG_COMPILER_APPICON_NAME = AppIcon;
				ASSETCATALOG_COMPILER_GLOBAL_ACCENT_COLOR_NAME = AccentColor;
				CODE_SIGN_STYLE = Automatic;
				DEVELOPMENT_TEAM = VMP9TVJ8FC;
				INFOPLIST_FILE = Messenger/Info.plist;
				LD_RUNPATH_SEARCH_PATHS = (
					"$(inherited)",
					"@executable_path/Frameworks",
				);
				PRODUCT_BUNDLE_IDENTIFIER = com.antoniogormley.Messenger;
				PRODUCT_NAME = "$(TARGET_NAME)";
				SWIFT_VERSION = 5.0;
				TARGETED_DEVICE_FAMILY = "1,2";
			};
			name = Debug;
		};
		70BB143326AEE59500C36E01 /* Release */ = {
			isa = XCBuildConfiguration;
			buildSettings = {
				ASSETCATALOG_COMPILER_APPICON_NAME = AppIcon;
				ASSETCATALOG_COMPILER_GLOBAL_ACCENT_COLOR_NAME = AccentColor;
				CODE_SIGN_STYLE = Automatic;
				DEVELOPMENT_TEAM = VMP9TVJ8FC;
				INFOPLIST_FILE = Messenger/Info.plist;
				LD_RUNPATH_SEARCH_PATHS = (
					"$(inherited)",
					"@executable_path/Frameworks",
				);
				PRODUCT_BUNDLE_IDENTIFIER = com.antoniogormley.Messenger;
				PRODUCT_NAME = "$(TARGET_NAME)";
				SWIFT_VERSION = 5.0;
				TARGETED_DEVICE_FAMILY = "1,2";
			};
			name = Release;
		};
/* End XCBuildConfiguration section */

/* Begin XCConfigurationList section */
		70BB141826AEE58D00C36E01 /* Build configuration list for PBXProject "Messenger" */ = {
			isa = XCConfigurationList;
			buildConfigurations = (
				70BB142F26AEE59500C36E01 /* Debug */,
				70BB143026AEE59500C36E01 /* Release */,
			);
			defaultConfigurationIsVisible = 0;
			defaultConfigurationName = Release;
		};
		70BB143126AEE59500C36E01 /* Build configuration list for PBXNativeTarget "Messenger" */ = {
			isa = XCConfigurationList;
			buildConfigurations = (
				70BB143226AEE59500C36E01 /* Debug */,
				70BB143326AEE59500C36E01 /* Release */,
			);
			defaultConfigurationIsVisible = 0;
			defaultConfigurationName = Release;
		};
/* End XCConfigurationList section */
	};
	rootObject = 70BB141526AEE58D00C36E01 /* Project object */;
}
